
Microsoft Visual Studio Solution File, Format Version 12.00
# Visual Studio 2013
VisualStudioVersion = 12.0.21005.1
MinimumVisualStudioVersion = 10.0.40219.1
Project("{FAE04EC0-301F-11D3-BF4B-00C04F79EFBC}") = "Cognate", "Src\Cognate\Cognate.csproj", "{51B39976-6B54-469E-AA40-DBBC4B37B123}"
EndProject
Project("{2150E333-8FDC-42A3-9474-1A3956D46DE8}") = ".nuget", ".nuget", "{5253276C-E0B6-4400-8B83-77CE271371EB}"
	ProjectSection(SolutionItems) = preProject
		.nuget\NuGet.Config = .nuget\NuGet.Config
		.nuget\NuGet.exe = .nuget\NuGet.exe
		.nuget\NuGet.targets = .nuget\NuGet.targets
	EndProjectSection
EndProject
Project("{2150E333-8FDC-42A3-9474-1A3956D46DE8}") = "Build", "Build", "{2B9EEDE7-F04E-48FF-98B6-3D986B36F3FC}"
	ProjectSection(SolutionItems) = preProject
		Package.build.xml = Package.build.xml
		Package.xml = Package.xml
	EndProjectSection
EndProject
Global
	GlobalSection(SolutionConfigurationPlatforms) = preSolution
		Debug|Any CPU = Debug|Any CPU
		Release|Any CPU = Release|Any CPU
	EndGlobalSection
	GlobalSection(ProjectConfigurationPlatforms) = postSolution
		{51B39976-6B54-469E-AA40-DBBC4B37B123}.Debug|Any CPU.ActiveCfg = Debug|Any CPU
		{51B39976-6B54-469E-AA40-DBBC4B37B123}.Debug|Any CPU.Build.0 = Debug|Any CPU
		{51B39976-6B54-469E-AA40-DBBC4B37B123}.Release|Any CPU.ActiveCfg = Release|Any CPU
		{51B39976-6B54-469E-AA40-DBBC4B37B123}.Release|Any CPU.Build.0 = Release|Any CPU
	EndGlobalSection
	GlobalSection(SolutionProperties) = preSolution
		HideSolutionNode = FALSE
	EndGlobalSection
EndGlobal
